// !$*UTF8*$!
{
	archiveVersion = 1;
	classes = {
	};
	objectVersion = 46;
	objects = {

/* Begin PBXBuildFile section */
		008C905A187FBD390079915B /* Foundation.framework in Frameworks */ = {isa = PBXBuildFile; fileRef = 008C9059187FBD390079915B /* Foundation.framework */; };
		008C905C187FBD390079915B /* CoreGraphics.framework in Frameworks */ = {isa = PBXBuildFile; fileRef = 008C905B187FBD390079915B /* CoreGraphics.framework */; };
		008C905E187FBD390079915B /* UIKit.framework in Frameworks */ = {isa = PBXBuildFile; fileRef = 008C905D187FBD390079915B /* UIKit.framework */; };
		008C9064187FBD390079915B /* InfoPlist.strings in Resources */ = {isa = PBXBuildFile; fileRef = 008C9062187FBD390079915B /* InfoPlist.strings */; };
		008C9066187FBD390079915B /* main.m in Sources */ = {isa = PBXBuildFile; fileRef = 008C9065187FBD390079915B /* main.m */; };
		008C906A187FBD390079915B /* AppDelegate.m in Sources */ = {isa = PBXBuildFile; fileRef = 008C9069187FBD390079915B /* AppDelegate.m */; };
		008C906D187FBD390079915B /* Main.storyboard in Resources */ = {isa = PBXBuildFile; fileRef = 008C906B187FBD390079915B /* Main.storyboard */; };
		008C9070187FBD390079915B /* ViewController.m in Sources */ = {isa = PBXBuildFile; fileRef = 008C906F187FBD390079915B /* ViewController.m */; };
		008C9072187FBD3A0079915B /* Images.xcassets in Resources */ = {isa = PBXBuildFile; fileRef = 008C9071187FBD3A0079915B /* Images.xcassets */; };
		008C9079187FBD3A0079915B /* XCTest.framework in Frameworks */ = {isa = PBXBuildFile; fileRef = 008C9078187FBD3A0079915B /* XCTest.framework */; };
		008C907A187FBD3A0079915B /* Foundation.framework in Frameworks */ = {isa = PBXBuildFile; fileRef = 008C9059187FBD390079915B /* Foundation.framework */; };
		008C907B187FBD3A0079915B /* UIKit.framework in Frameworks */ = {isa = PBXBuildFile; fileRef = 008C905D187FBD390079915B /* UIKit.framework */; };
		008C9083187FBD3A0079915B /* InfoPlist.strings in Resources */ = {isa = PBXBuildFile; fileRef = 008C9081187FBD3A0079915B /* InfoPlist.strings */; };
		008C9085187FBD3A0079915B /* o_44_______Tests.m in Sources */ = {isa = PBXBuildFile; fileRef = 008C9084187FBD3A0079915B /* o_44_______Tests.m */; };
		008C9093187FBF690079915B /* Foundation.framework in Frameworks */ = {isa = PBXBuildFile; fileRef = 008C9059187FBD390079915B /* Foundation.framework */; };
		008C9094187FBF690079915B /* CoreGraphics.framework in Frameworks */ = {isa = PBXBuildFile; fileRef = 008C905B187FBD390079915B /* CoreGraphics.framework */; };
		008C9095187FBF690079915B /* UIKit.framework in Frameworks */ = {isa = PBXBuildFile; fileRef = 008C905D187FBD390079915B /* UIKit.framework */; };
		008C90B2187FBF690079915B /* XCTest.framework in Frameworks */ = {isa = PBXBuildFile; fileRef = 008C9078187FBD3A0079915B /* XCTest.framework */; };
		008C90B3187FBF690079915B /* Foundation.framework in Frameworks */ = {isa = PBXBuildFile; fileRef = 008C9059187FBD390079915B /* Foundation.framework */; };
		008C90B4187FBF690079915B /* UIKit.framework in Frameworks */ = {isa = PBXBuildFile; fileRef = 008C905D187FBD390079915B /* UIKit.framework */; };
		008C90CD187FBFE50079915B /* ModalViewController.m in Sources */ = {isa = PBXBuildFile; fileRef = 008C90CC187FBFE50079915B /* ModalViewController.m */; };
/* End PBXBuildFile section */

/* Begin PBXContainerItemProxy section */
		008C907C187FBD3A0079915B /* PBXContainerItemProxy */ = {
			isa = PBXContainerItemProxy;
			containerPortal = 008C904E187FBD390079915B /* Project object */;
			proxyType = 1;
			remoteGlobalIDString = 008C9055187FBD390079915B;
			remoteInfo = "o.44 실습";
		};
		008C90B5187FBF690079915B /* PBXContainerItemProxy */ = {
			isa = PBXContainerItemProxy;
			containerPortal = 008C904E187FBD390079915B /* Project object */;
			proxyType = 1;
			remoteGlobalIDString = 008C9091187FBF690079915B;
			remoteInfo = ModalViewController;
		};
/* End PBXContainerItemProxy section */

/* Begin PBXFileReference section */
		008C9056187FBD390079915B /* o.44 실습.app */ = {isa = PBXFileReference; explicitFileType = wrapper.application; includeInIndex = 0; path = "o.44 실습.app"; sourceTree = BUILT_PRODUCTS_DIR; };
		008C9059187FBD390079915B /* Foundation.framework */ = {isa = PBXFileReference; lastKnownFileType = wrapper.framework; name = Foundation.framework; path = System/Library/Frameworks/Foundation.framework; sourceTree = SDKROOT; };
		008C905B187FBD390079915B /* CoreGraphics.framework */ = {isa = PBXFileReference; lastKnownFileType = wrapper.framework; name = CoreGraphics.framework; path = System/Library/Frameworks/CoreGraphics.framework; sourceTree = SDKROOT; };
		008C905D187FBD390079915B /* UIKit.framework */ = {isa = PBXFileReference; lastKnownFileType = wrapper.framework; name = UIKit.framework; path = System/Library/Frameworks/UIKit.framework; sourceTree = SDKROOT; };
		008C9061187FBD390079915B /* o.44 실습-Info.plist */ = {isa = PBXFileReference; lastKnownFileType = text.plist.xml; path = "o.44 실습-Info.plist"; sourceTree = "<group>"; };
		008C9063187FBD390079915B /* en */ = {isa = PBXFileReference; lastKnownFileType = text.plist.strings; name = en; path = en.lproj/InfoPlist.strings; sourceTree = "<group>"; };
		008C9065187FBD390079915B /* main.m */ = {isa = PBXFileReference; lastKnownFileType = sourcecode.c.objc; path = main.m; sourceTree = "<group>"; };
		008C9067187FBD390079915B /* o.44 실습-Prefix.pch */ = {isa = PBXFileReference; lastKnownFileType = sourcecode.c.h; path = "o.44 실습-Prefix.pch"; sourceTree = "<group>"; };
		008C9068187FBD390079915B /* AppDelegate.h */ = {isa = PBXFileReference; lastKnownFileType = sourcecode.c.h; path = AppDelegate.h; sourceTree = "<group>"; };
		008C9069187FBD390079915B /* AppDelegate.m */ = {isa = PBXFileReference; lastKnownFileType = sourcecode.c.objc; path = AppDelegate.m; sourceTree = "<group>"; };
		008C906C187FBD390079915B /* Base */ = {isa = PBXFileReference; lastKnownFileType = file.storyboard; name = Base; path = Base.lproj/Main.storyboard; sourceTree = "<group>"; };
		008C906E187FBD390079915B /* ViewController.h */ = {isa = PBXFileReference; lastKnownFileType = sourcecode.c.h; path = ViewController.h; sourceTree = "<group>"; };
		008C906F187FBD390079915B /* ViewController.m */ = {isa = PBXFileReference; lastKnownFileType = sourcecode.c.objc; path = ViewController.m; sourceTree = "<group>"; };
		008C9071187FBD3A0079915B /* Images.xcassets */ = {isa = PBXFileReference; lastKnownFileType = folder.assetcatalog; path = Images.xcassets; sourceTree = "<group>"; };
		008C9077187FBD3A0079915B /* o.44 실습Tests.xctest */ = {isa = PBXFileReference; explicitFileType = wrapper.cfbundle; includeInIndex = 0; path = "o.44 실습Tests.xctest"; sourceTree = BUILT_PRODUCTS_DIR; };
		008C9078187FBD3A0079915B /* XCTest.framework */ = {isa = PBXFileReference; lastKnownFileType = wrapper.framework; name = XCTest.framework; path = Library/Frameworks/XCTest.framework; sourceTree = DEVELOPER_DIR; };
		008C9080187FBD3A0079915B /* o.44 실습Tests-Info.plist */ = {isa = PBXFileReference; lastKnownFileType = text.plist.xml; path = "o.44 실습Tests-Info.plist"; sourceTree = "<group>"; };
		008C9082187FBD3A0079915B /* en */ = {isa = PBXFileReference; lastKnownFileType = text.plist.strings; name = en; path = en.lproj/InfoPlist.strings; sourceTree = "<group>"; };
		008C9084187FBD3A0079915B /* o_44_______Tests.m */ = {isa = PBXFileReference; lastKnownFileType = sourcecode.c.objc; path = "o_44_______Tests.m"; sourceTree = "<group>"; };
		008C9092187FBF690079915B /* ModalViewController.app */ = {isa = PBXFileReference; explicitFileType = wrapper.application; includeInIndex = 0; path = ModalViewController.app; sourceTree = BUILT_PRODUCTS_DIR; };
		008C90B1187FBF690079915B /* ModalViewControllerTests.xctest */ = {isa = PBXFileReference; explicitFileType = wrapper.cfbundle; includeInIndex = 0; path = ModalViewControllerTests.xctest; sourceTree = BUILT_PRODUCTS_DIR; };
		008C90CB187FBFE50079915B /* ModalViewController.h */ = {isa = PBXFileReference; fileEncoding = 4; lastKnownFileType = sourcecode.c.h; path = ModalViewController.h; sourceTree = "<group>"; };
		008C90CC187FBFE50079915B /* ModalViewController.m */ = {isa = PBXFileReference; fileEncoding = 4; lastKnownFileType = sourcecode.c.objc; path = ModalViewController.m; sourceTree = "<group>"; };
/* End PBXFileReference section */

/* Begin PBXFrameworksBuildPhase section */
		008C9053187FBD390079915B /* Frameworks */ = {
			isa = PBXFrameworksBuildPhase;
			buildActionMask = 2147483647;
			files = (
				008C905C187FBD390079915B /* CoreGraphics.framework in Frameworks */,
				008C905E187FBD390079915B /* UIKit.framework in Frameworks */,
				008C905A187FBD390079915B /* Foundation.framework in Frameworks */,
			);
			runOnlyForDeploymentPostprocessing = 0;
		};
		008C9074187FBD3A0079915B /* Frameworks */ = {
			isa = PBXFrameworksBuildPhase;
			buildActionMask = 2147483647;
			files = (
				008C9079187FBD3A0079915B /* XCTest.framework in Frameworks */,
				008C907B187FBD3A0079915B /* UIKit.framework in Frameworks */,
				008C907A187FBD3A0079915B /* Foundation.framework in Frameworks */,
			);
			runOnlyForDeploymentPostprocessing = 0;
		};
		008C908F187FBF690079915B /* Frameworks */ = {
			isa = PBXFrameworksBuildPhase;
			buildActionMask = 2147483647;
			files = (
				008C9094187FBF690079915B /* CoreGraphics.framework in Frameworks */,
				008C9095187FBF690079915B /* UIKit.framework in Frameworks */,
				008C9093187FBF690079915B /* Foundation.framework in Frameworks */,
			);
			runOnlyForDeploymentPostprocessing = 0;
		};
		008C90AE187FBF690079915B /* Frameworks */ = {
			isa = PBXFrameworksBuildPhase;
			buildActionMask = 2147483647;
			files = (
				008C90B2187FBF690079915B /* XCTest.framework in Frameworks */,
				008C90B4187FBF690079915B /* UIKit.framework in Frameworks */,
				008C90B3187FBF690079915B /* Foundation.framework in Frameworks */,
			);
			runOnlyForDeploymentPostprocessing = 0;
		};
/* End PBXFrameworksBuildPhase section */

/* Begin PBXGroup section */
		008C904D187FBD390079915B = {
			isa = PBXGroup;
			children = (
				008C905F187FBD390079915B /* o.44 실습 */,
				008C907E187FBD3A0079915B /* o.44 실습Tests */,
				008C9058187FBD390079915B /* Frameworks */,
				008C9057187FBD390079915B /* Products */,
			);
			sourceTree = "<group>";
		};
		008C9057187FBD390079915B /* Products */ = {
			isa = PBXGroup;
			children = (
				008C9056187FBD390079915B /* o.44 실습.app */,
				008C9077187FBD3A0079915B /* o.44 실습Tests.xctest */,
				008C9092187FBF690079915B /* ModalViewController.app */,
				008C90B1187FBF690079915B /* ModalViewControllerTests.xctest */,
			);
			name = Products;
			sourceTree = "<group>";
		};
		008C9058187FBD390079915B /* Frameworks */ = {
			isa = PBXGroup;
			children = (
				008C9059187FBD390079915B /* Foundation.framework */,
				008C905B187FBD390079915B /* CoreGraphics.framework */,
				008C905D187FBD390079915B /* UIKit.framework */,
				008C9078187FBD3A0079915B /* XCTest.framework */,
			);
			name = Frameworks;
			sourceTree = "<group>";
		};
		008C905F187FBD390079915B /* o.44 실습 */ = {
			isa = PBXGroup;
			children = (
				008C9068187FBD390079915B /* AppDelegate.h */,
				008C9069187FBD390079915B /* AppDelegate.m */,
				008C906B187FBD390079915B /* Main.storyboard */,
				008C906E187FBD390079915B /* ViewController.h */,
				008C906F187FBD390079915B /* ViewController.m */,
				008C9071187FBD3A0079915B /* Images.xcassets */,
				008C9060187FBD390079915B /* Supporting Files */,
				008C90CB187FBFE50079915B /* ModalViewController.h */,
				008C90CC187FBFE50079915B /* ModalViewController.m */,
			);
			path = "o.44 실습";
			sourceTree = "<group>";
		};
		008C9060187FBD390079915B /* Supporting Files */ = {
			isa = PBXGroup;
			children = (
				008C9061187FBD390079915B /* o.44 실습-Info.plist */,
				008C9062187FBD390079915B /* InfoPlist.strings */,
				008C9065187FBD390079915B /* main.m */,
				008C9067187FBD390079915B /* o.44 실습-Prefix.pch */,
			);
			name = "Supporting Files";
			sourceTree = "<group>";
		};
		008C907E187FBD3A0079915B /* o.44 실습Tests */ = {
			isa = PBXGroup;
			children = (
				008C9084187FBD3A0079915B /* o_44_______Tests.m */,
				008C907F187FBD3A0079915B /* Supporting Files */,
			);
			path = "o.44 실습Tests";
			sourceTree = "<group>";
		};
		008C907F187FBD3A0079915B /* Supporting Files */ = {
			isa = PBXGroup;
			children = (
				008C9080187FBD3A0079915B /* o.44 실습Tests-Info.plist */,
				008C9081187FBD3A0079915B /* InfoPlist.strings */,
			);
			name = "Supporting Files";
			sourceTree = "<group>";
		};
/* End PBXGroup section */

/* Begin PBXNativeTarget section */
		008C9055187FBD390079915B /* o.44 실습 */ = {
			isa = PBXNativeTarget;
			buildConfigurationList = 008C9088187FBD3A0079915B /* Build configuration list for PBXNativeTarget "o.44 실습" */;
			buildPhases = (
				008C9052187FBD390079915B /* Sources */,
				008C9053187FBD390079915B /* Frameworks */,
				008C9054187FBD390079915B /* Resources */,
			);
			buildRules = (
			);
			dependencies = (
			);
			name = "o.44 실습";
			productName = "o.44 실습";
			productReference = 008C9056187FBD390079915B /* o.44 실습.app */;
			productType = "com.apple.product-type.application";
		};
		008C9076187FBD3A0079915B /* o.44 실습Tests */ = {
			isa = PBXNativeTarget;
			buildConfigurationList = 008C908B187FBD3A0079915B /* Build configuration list for PBXNativeTarget "o.44 실습Tests" */;
			buildPhases = (
				008C9073187FBD3A0079915B /* Sources */,
				008C9074187FBD3A0079915B /* Frameworks */,
				008C9075187FBD3A0079915B /* Resources */,
			);
			buildRules = (
			);
			dependencies = (
				008C907D187FBD3A0079915B /* PBXTargetDependency */,
			);
			name = "o.44 실습Tests";
			productName = "o.44 실습Tests";
			productReference = 008C9077187FBD3A0079915B /* o.44 실습Tests.xctest */;
			productType = "com.apple.product-type.bundle.unit-test";
		};
		008C9091187FBF690079915B /* ModalViewController */ = {
			isa = PBXNativeTarget;
			buildConfigurationList = 008C90BF187FBF690079915B /* Build configuration list for PBXNativeTarget "ModalViewController" */;
			buildPhases = (
				008C908E187FBF690079915B /* Sources */,
				008C908F187FBF690079915B /* Frameworks */,
				008C9090187FBF690079915B /* Resources */,
			);
			buildRules = (
			);
			dependencies = (
			);
			name = ModalViewController;
			productName = ModalViewController;
			productReference = 008C9092187FBF690079915B /* ModalViewController.app */;
			productType = "com.apple.product-type.application";
		};
		008C90B0187FBF690079915B /* ModalViewControllerTests */ = {
			isa = PBXNativeTarget;
			buildConfigurationList = 008C90C2187FBF690079915B /* Build configuration list for PBXNativeTarget "ModalViewControllerTests" */;
			buildPhases = (
				008C90AD187FBF690079915B /* Sources */,
				008C90AE187FBF690079915B /* Frameworks */,
				008C90AF187FBF690079915B /* Resources */,
			);
			buildRules = (
			);
			dependencies = (
				008C90B6187FBF690079915B /* PBXTargetDependency */,
			);
			name = ModalViewControllerTests;
			productName = ModalViewControllerTests;
			productReference = 008C90B1187FBF690079915B /* ModalViewControllerTests.xctest */;
			productType = "com.apple.product-type.bundle.unit-test";
		};
/* End PBXNativeTarget section */

/* Begin PBXProject section */
		008C904E187FBD390079915B /* Project object */ = {
			isa = PBXProject;
			attributes = {
				LastUpgradeCheck = 0500;
				ORGANIZATIONNAME = "SDT-1";
				TargetAttributes = {
					008C9076187FBD3A0079915B = {
						TestTargetID = 008C9055187FBD390079915B;
					};
					008C90B0187FBF690079915B = {
						TestTargetID = 008C9055187FBD390079915B;
					};
				};
			};
			buildConfigurationList = 008C9051187FBD390079915B /* Build configuration list for PBXProject "o.44 실습" */;
			compatibilityVersion = "Xcode 3.2";
			developmentRegion = English;
			hasScannedForEncodings = 0;
			knownRegions = (
				en,
				Base,
			);
			mainGroup = 008C904D187FBD390079915B;
			productRefGroup = 008C9057187FBD390079915B /* Products */;
			projectDirPath = "";
			projectRoot = "";
			targets = (
				008C9055187FBD390079915B /* o.44 실습 */,
				008C9076187FBD3A0079915B /* o.44 실습Tests */,
				008C9091187FBF690079915B /* ModalViewController */,
				008C90B0187FBF690079915B /* ModalViewControllerTests */,
			);
		};
/* End PBXProject section */

/* Begin PBXResourcesBuildPhase section */
		008C9054187FBD390079915B /* Resources */ = {
			isa = PBXResourcesBuildPhase;
			buildActionMask = 2147483647;
			files = (
				008C9072187FBD3A0079915B /* Images.xcassets in Resources */,
				008C9064187FBD390079915B /* InfoPlist.strings in Resources */,
				008C906D187FBD390079915B /* Main.storyboard in Resources */,
			);
			runOnlyForDeploymentPostprocessing = 0;
		};
		008C9075187FBD3A0079915B /* Resources */ = {
			isa = PBXResourcesBuildPhase;
			buildActionMask = 2147483647;
			files = (
				008C9083187FBD3A0079915B /* InfoPlist.strings in Resources */,
			);
			runOnlyForDeploymentPostprocessing = 0;
		};
		008C9090187FBF690079915B /* Resources */ = {
			isa = PBXResourcesBuildPhase;
			buildActionMask = 2147483647;
			files = (
			);
			runOnlyForDeploymentPostprocessing = 0;
		};
		008C90AF187FBF690079915B /* Resources */ = {
			isa = PBXResourcesBuildPhase;
			buildActionMask = 2147483647;
			files = (
			);
			runOnlyForDeploymentPostprocessing = 0;
		};
/* End PBXResourcesBuildPhase section */

/* Begin PBXSourcesBuildPhase section */
		008C9052187FBD390079915B /* Sources */ = {
			isa = PBXSourcesBuildPhase;
			buildActionMask = 2147483647;
			files = (
				008C90CD187FBFE50079915B /* ModalViewController.m in Sources */,
				008C9070187FBD390079915B /* ViewController.m in Sources */,
				008C906A187FBD390079915B /* AppDelegate.m in Sources */,
				008C9066187FBD390079915B /* main.m in Sources */,
			);
			runOnlyForDeploymentPostprocessing = 0;
		};
		008C9073187FBD3A0079915B /* Sources */ = {
			isa = PBXSourcesBuildPhase;
			buildActionMask = 2147483647;
			files = (
				008C9085187FBD3A0079915B /* o_44_______Tests.m in Sources */,
			);
			runOnlyForDeploymentPostprocessing = 0;
		};
		008C908E187FBF690079915B /* Sources */ = {
			isa = PBXSourcesBuildPhase;
			buildActionMask = 2147483647;
			files = (
			);
			runOnlyForDeploymentPostprocessing = 0;
		};
		008C90AD187FBF690079915B /* Sources */ = {
			isa = PBXSourcesBuildPhase;
			buildActionMask = 2147483647;
			files = (
			);
			runOnlyForDeploymentPostprocessing = 0;
		};
/* End PBXSourcesBuildPhase section */

/* Begin PBXTargetDependency section */
		008C907D187FBD3A0079915B /* PBXTargetDependency */ = {
			isa = PBXTargetDependency;
			target = 008C9055187FBD390079915B /* o.44 실습 */;
			targetProxy = 008C907C187FBD3A0079915B /* PBXContainerItemProxy */;
		};
		008C90B6187FBF690079915B /* PBXTargetDependency */ = {
			isa = PBXTargetDependency;
			target = 008C9091187FBF690079915B /* ModalViewController */;
			targetProxy = 008C90B5187FBF690079915B /* PBXContainerItemProxy */;
		};
/* End PBXTargetDependency section */

/* Begin PBXVariantGroup section */
		008C9062187FBD390079915B /* InfoPlist.strings */ = {
			isa = PBXVariantGroup;
			children = (
				008C9063187FBD390079915B /* en */,
			);
			name = InfoPlist.strings;
			sourceTree = "<group>";
		};
		008C906B187FBD390079915B /* Main.storyboard */ = {
			isa = PBXVariantGroup;
			children = (
				008C906C187FBD390079915B /* Base */,
			);
			name = Main.storyboard;
			sourceTree = "<group>";
		};
		008C9081187FBD3A0079915B /* InfoPlist.strings */ = {
			isa = PBXVariantGroup;
			children = (
				008C9082187FBD3A0079915B /* en */,
			);
			name = InfoPlist.strings;
			sourceTree = "<group>";
		};
/* End PBXVariantGroup section */

/* Begin XCBuildConfiguration section */
		008C9086187FBD3A0079915B /* Debug */ = {
			isa = XCBuildConfiguration;
			buildSettings = {
				ALWAYS_SEARCH_USER_PATHS = NO;
				ARCHS = "$(ARCHS_STANDARD_INCLUDING_64_BIT)";
				CLANG_CXX_LANGUAGE_STANDARD = "gnu++0x";
				CLANG_CXX_LIBRARY = "libc++";
				CLANG_ENABLE_MODULES = YES;
				CLANG_ENABLE_OBJC_ARC = YES;
				CLANG_WARN_BOOL_CONVERSION = YES;
				CLANG_WARN_CONSTANT_CONVERSION = YES;
				CLANG_WARN_DIRECT_OBJC_ISA_USAGE = YES_ERROR;
				CLANG_WARN_EMPTY_BODY = YES;
				CLANG_WARN_ENUM_CONVERSION = YES;
				CLANG_WARN_INT_CONVERSION = YES;
				CLANG_WARN_OBJC_ROOT_CLASS = YES_ERROR;
				CLANG_WARN__DUPLICATE_METHOD_MATCH = YES;
				"CODE_SIGN_IDENTITY[sdk=iphoneos*]" = "iPhone Developer";
				COPY_PHASE_STRIP = NO;
				GCC_C_LANGUAGE_STANDARD = gnu99;
				GCC_DYNAMIC_NO_PIC = NO;
				GCC_OPTIMIZATION_LEVEL = 0;
				GCC_PREPROCESSOR_DEFINITIONS = (
					"DEBUG=1",
					"$(inherited)",
				);
				GCC_SYMBOLS_PRIVATE_EXTERN = NO;
				GCC_WARN_64_TO_32_BIT_CONVERSION = YES;
				GCC_WARN_ABOUT_RETURN_TYPE = YES_ERROR;
				GCC_WARN_UNDECLARED_SELECTOR = YES;
				GCC_WARN_UNINITIALIZED_AUTOS = YES;
				GCC_WARN_UNUSED_FUNCTION = YES;
				GCC_WARN_UNUSED_VARIABLE = YES;
				IPHONEOS_DEPLOYMENT_TARGET = 7.0;
				ONLY_ACTIVE_ARCH = YES;
				SDKROOT = iphoneos;
			};
			name = Debug;
		};
		008C9087187FBD3A0079915B /* Release */ = {
			isa = XCBuildConfiguration;
			buildSettings = {
				ALWAYS_SEARCH_USER_PATHS = NO;
				ARCHS = "$(ARCHS_STANDARD_INCLUDING_64_BIT)";
				CLANG_CXX_LANGUAGE_STANDARD = "gnu++0x";
				CLANG_CXX_LIBRARY = "libc++";
				CLANG_ENABLE_MODULES = YES;
				CLANG_ENABLE_OBJC_ARC = YES;
				CLANG_WARN_BOOL_CONVERSION = YES;
				CLANG_WARN_CONSTANT_CONVERSION = YES;
				CLANG_WARN_DIRECT_OBJC_ISA_USAGE = YES_ERROR;
				CLANG_WARN_EMPTY_BODY = YES;
				CLANG_WARN_ENUM_CONVERSION = YES;
				CLANG_WARN_INT_CONVERSION = YES;
				CLANG_WARN_OBJC_ROOT_CLASS = YES_ERROR;
				CLANG_WARN__DUPLICATE_METHOD_MATCH = YES;
				"CODE_SIGN_IDENTITY[sdk=iphoneos*]" = "iPhone Developer";
				COPY_PHASE_STRIP = YES;
				ENABLE_NS_ASSERTIONS = NO;
				GCC_C_LANGUAGE_STANDARD = gnu99;
				GCC_WARN_64_TO_32_BIT_CONVERSION = YES;
				GCC_WARN_ABOUT_RETURN_TYPE = YES_ERROR;
				GCC_WARN_UNDECLARED_SELECTOR = YES;
				GCC_WARN_UNINITIALIZED_AUTOS = YES;
				GCC_WARN_UNUSED_FUNCTION = YES;
				GCC_WARN_UNUSED_VARIABLE = YES;
				IPHONEOS_DEPLOYMENT_TARGET = 7.0;
				SDKROOT = iphoneos;
				VALIDATE_PRODUCT = YES;
			};
			name = Release;
		};
		008C9089187FBD3A0079915B /* Debug */ = {
			isa = XCBuildConfiguration;
			buildSettings = {
				ASSETCATALOG_COMPILER_APPICON_NAME = AppIcon;
				ASSETCATALOG_COMPILER_LAUNCHIMAGE_NAME = LaunchImage;
				GCC_PRECOMPILE_PREFIX_HEADER = YES;
				GCC_PREFIX_HEADER = "o.44 실습/o.44 실습-Prefix.pch";
				INFOPLIST_FILE = "o.44 실습/o.44 실습-Info.plist";
				PRODUCT_NAME = "$(TARGET_NAME)";
				WRAPPER_EXTENSION = app;
			};
			name = Debug;
		};
		008C908A187FBD3A0079915B /* Release */ = {
			isa = XCBuildConfiguration;
			buildSettings = {
				ASSETCATALOG_COMPILER_APPICON_NAME = AppIcon;
				ASSETCATALOG_COMPILER_LAUNCHIMAGE_NAME = LaunchImage;
				GCC_PRECOMPILE_PREFIX_HEADER = YES;
				GCC_PREFIX_HEADER = "o.44 실습/o.44 실습-Prefix.pch";
				INFOPLIST_FILE = "o.44 실습/o.44 실습-Info.plist";
				PRODUCT_NAME = "$(TARGET_NAME)";
				WRAPPER_EXTENSION = app;
			};
			name = Release;
		};
		008C908C187FBD3A0079915B /* Debug */ = {
			isa = XCBuildConfiguration;
			buildSettings = {
				ARCHS = "$(ARCHS_STANDARD_INCLUDING_64_BIT)";
				BUNDLE_LOADER = "$(BUILT_PRODUCTS_DIR)/o.44 실습.app/o.44 실습";
				FRAMEWORK_SEARCH_PATHS = (
					"$(SDKROOT)/Developer/Library/Frameworks",
					"$(inherited)",
					"$(DEVELOPER_FRAMEWORKS_DIR)",
				);
				GCC_PRECOMPILE_PREFIX_HEADER = YES;
				GCC_PREFIX_HEADER = "o.44 실습/o.44 실습-Prefix.pch";
				GCC_PREPROCESSOR_DEFINITIONS = (
					"DEBUG=1",
					"$(inherited)",
				);
				INFOPLIST_FILE = "o.44 실습Tests/o.44 실습Tests-Info.plist";
				PRODUCT_NAME = "$(TARGET_NAME)";
				TEST_HOST = "$(BUNDLE_LOADER)";
				WRAPPER_EXTENSION = xctest;
			};
			name = Debug;
		};
		008C908D187FBD3A0079915B /* Release */ = {
			isa = XCBuildConfiguration;
			buildSettings = {
				ARCHS = "$(ARCHS_STANDARD_INCLUDING_64_BIT)";
				BUNDLE_LOADER = "$(BUILT_PRODUCTS_DIR)/o.44 실습.app/o.44 실습";
				FRAMEWORK_SEARCH_PATHS = (
					"$(SDKROOT)/Developer/Library/Frameworks",
					"$(inherited)",
					"$(DEVELOPER_FRAMEWORKS_DIR)",
				);
				GCC_PRECOMPILE_PREFIX_HEADER = YES;
				GCC_PREFIX_HEADER = "o.44 실습/o.44 실습-Prefix.pch";
				INFOPLIST_FILE = "o.44 실습Tests/o.44 실습Tests-Info.plist";
				PRODUCT_NAME = "$(TARGET_NAME)";
				TEST_HOST = "$(BUNDLE_LOADER)";
				WRAPPER_EXTENSION = xctest;
			};
			name = Release;
		};
		008C90C0187FBF690079915B /* Debug */ = {
			isa = XCBuildConfiguration;
			buildSettings = {
				ARCHS = "$(ARCHS_STANDARD_INCLUDING_64_BIT)";
				ASSETCATALOG_COMPILER_APPICON_NAME = AppIcon;
				ASSETCATALOG_COMPILER_LAUNCHIMAGE_NAME = LaunchImage;
				GCC_PRECOMPILE_PREFIX_HEADER = YES;
				GCC_PREFIX_HEADER = "ModalViewController/ModalViewController-Prefix.pch";
				GCC_PREPROCESSOR_DEFINITIONS = (
					"DEBUG=1",
					"$(inherited)",
				);
				INFOPLIST_FILE = "ModalViewController/ModalViewController-Info.plist";
				PRODUCT_NAME = "$(TARGET_NAME)";
				WRAPPER_EXTENSION = app;
			};
			name = Debug;
		};
		008C90C1187FBF690079915B /* Release */ = {
			isa = XCBuildConfiguration;
			buildSettings = {
				ARCHS = "$(ARCHS_STANDARD_INCLUDING_64_BIT)";
				ASSETCATALOG_COMPILER_APPICON_NAME = AppIcon;
				ASSETCATALOG_COMPILER_LAUNCHIMAGE_NAME = LaunchImage;
				GCC_PRECOMPILE_PREFIX_HEADER = YES;
				GCC_PREFIX_HEADER = "ModalViewController/ModalViewController-Prefix.pch";
				INFOPLIST_FILE = "ModalViewController/ModalViewController-Info.plist";
				PRODUCT_NAME = "$(TARGET_NAME)";
				WRAPPER_EXTENSION = app;
			};
			name = Release;
		};
		008C90C3187FBF690079915B /* Debug */ = {
			isa = XCBuildConfiguration;
			buildSettings = {
				ARCHS = "$(ARCHS_STANDARD_INCLUDING_64_BIT)";
				BUNDLE_LOADER = "$(BUILT_PRODUCTS_DIR)/o.44 실습.app/o.44 실습";
				FRAMEWORK_SEARCH_PATHS = (
					"$(SDKROOT)/Developer/Library/Frameworks",
					"$(inherited)",
					"$(DEVELOPER_FRAMEWORKS_DIR)",
				);
				GCC_PRECOMPILE_PREFIX_HEADER = YES;
				GCC_PREFIX_HEADER = "ModalViewController/ModalViewController-Prefix.pch";
				GCC_PREPROCESSOR_DEFINITIONS = (
					"DEBUG=1",
					"$(inherited)",
				);
				INFOPLIST_FILE = "ModalViewControllerTests/ModalViewControllerTests-Info.plist";
				PRODUCT_NAME = "$(TARGET_NAME)";
				TEST_HOST = "$(BUNDLE_LOADER)";
				WRAPPER_EXTENSION = xctest;
			};
			name = Debug;
		};
		008C90C4187FBF690079915B /* Release */ = {
			isa = XCBuildConfiguration;
			buildSettings = {
				ARCHS = "$(ARCHS_STANDARD_INCLUDING_64_BIT)";
				BUNDLE_LOADER = "$(BUILT_PRODUCTS_DIR)/o.44 실습.app/o.44 실습";
				FRAMEWORK_SEARCH_PATHS = (
					"$(SDKROOT)/Developer/Library/Frameworks",
					"$(inherited)",
					"$(DEVELOPER_FRAMEWORKS_DIR)",
				);
				GCC_PRECOMPILE_PREFIX_HEADER = YES;
				GCC_PREFIX_HEADER = "ModalViewController/ModalViewController-Prefix.pch";
				INFOPLIST_FILE = "ModalViewControllerTests/ModalViewControllerTests-Info.plist";
				PRODUCT_NAME = "$(TARGET_NAME)";
				TEST_HOST = "$(BUNDLE_LOADER)";
				WRAPPER_EXTENSION = xctest;
			};
			name = Release;
		};
/* End XCBuildConfiguration section */

/* Begin XCConfigurationList section */
		008C9051187FBD390079915B /* Build configuration list for PBXProject "o.44 실습" */ = {
			isa = XCConfigurationList;
			buildConfigurations = (
				008C9086187FBD3A0079915B /* Debug */,
				008C9087187FBD3A0079915B /* Release */,
			);
			defaultConfigurationIsVisible = 0;
			defaultConfigurationName = Release;
		};
		008C9088187FBD3A0079915B /* Build configuration list for PBXNativeTarget "o.44 실습" */ = {
			isa = XCConfigurationList;
			buildConfigurations = (
				008C9089187FBD3A0079915B /* Debug */,
				008C908A187FBD3A0079915B /* Release */,
			);
			defaultConfigurationIsVisible = 0;
		};
		008C908B187FBD3A0079915B /* Build configuration list for PBXNativeTarget "o.44 실습Tests" */ = {
			isa = XCConfigurationList;
			buildConfigurations = (
				008C908C187FBD3A0079915B /* Debug */,
				008C908D187FBD3A0079915B /* Release */,
			);
			defaultConfigurationIsVisible = 0;
		};
		008C90BF187FBF690079915B /* Build configuration list for PBXNativeTarget "ModalViewController" */ = {
			isa = XCConfigurationList;
			buildConfigurations = (
				008C90C0187FBF690079915B /* Debug */,
				008C90C1187FBF690079915B /* Release */,
			);
			defaultConfigurationIsVisible = 0;
		};
		008C90C2187FBF690079915B /* Build configuration list for PBXNativeTarget "ModalViewControllerTests" */ = {
			isa = XCConfigurationList;
			buildConfigurations = (
				008C90C3187FBF690079915B /* Debug */,
				008C90C4187FBF690079915B /* Release */,
			);
			defaultConfigurationIsVisible = 0;
		};
/* End XCConfigurationList section */
	};
	rootObject = 008C904E187FBD390079915B /* Project object */;
}
